
Microsoft Visual Studio Solution File, Format Version 12.00
# Visual Studio 2013
VisualStudioVersion = 12.0.31101.0
MinimumVisualStudioVersion = 10.0.40219.1
Project("{FAE04EC0-301F-11D3-BF4B-00C04F79EFBC}") = "IngressTracker", "IngressTracker\IngressTracker.csproj", "{E4CE0DDF-5C6E-414E-98CC-1A7242F581EB}"
EndProject
Global
	GlobalSection(SolutionConfigurationPlatforms) = preSolution
		Debug|Any CPU = Debug|Any CPU
		Release|Any CPU = Release|Any CPU
	EndGlobalSection
	GlobalSection(ProjectConfigurationPlatforms) = postSolution
		{E4CE0DDF-5C6E-414E-98CC-1A7242F581EB}.Debug|Any CPU.ActiveCfg = Debug|Any CPU
		{E4CE0DDF-5C6E-414E-98CC-1A7242F581EB}.Debug|Any CPU.Build.0 = Debug|Any CPU
		{E4CE0DDF-5C6E-414E-98CC-1A7242F581EB}.Release|Any CPU.ActiveCfg = Release|Any CPU
		{E4CE0DDF-5C6E-414E-98CC-1A7242F581EB}.Release|Any CPU.Build.0 = Release|Any CPU
	EndGlobalSection
	GlobalSection(SolutionProperties) = preSolution
		HideSolutionNode = FALSE
	EndGlobalSection
EndGlobal
